
Microsoft Visual Studio Solution File, Format Version 12.00
# Visual Studio Version 17
VisualStudioVersion = 17.10.35027.167
MinimumVisualStudioVersion = 10.0.40219.1
Project("{FAE04EC0-301F-11D3-BF4B-00C04F79EFBC}") = "Blazor8Auth", "Blazor8Auth\Blazor8Auth.csproj", "{07CC8DBA-A560-C402-7628-92CA01B97FFE}"
EndProject
Global
	GlobalSection(SolutionConfigurationPlatforms) = preSolution
		Debug|Any CPU = Debug|Any CPU
		Release|Any CPU = Release|Any CPU
	EndGlobalSection
	GlobalSection(ProjectConfigurationPlatforms) = postSolution
		{07CC8DBA-A560-C402-7628-92CA01B97FFE}.Debug|Any CPU.ActiveCfg = Debug|Any CPU
		{07CC8DBA-A560-C402-7628-92CA01B97FFE}.Debug|Any CPU.Build.0 = Debug|Any CPU
		{07CC8DBA-A560-C402-7628-92CA01B97FFE}.Release|Any CPU.ActiveCfg = Release|Any CPU
		{07CC8DBA-A560-C402-7628-92CA01B97FFE}.Release|Any CPU.Build.0 = Release|Any CPU
	EndGlobalSection
	GlobalSection(SolutionProperties) = preSolution
		HideSolutionNode = FALSE
	EndGlobalSection
	GlobalSection(ExtensibilityGlobals) = postSolution
		SolutionGuid = {D32D53EC-1A36-4F57-B98A-628C2FAAE39E}
	EndGlobalSection
EndGlobal
